
Microsoft Visual Studio Solution File, Format Version 12.00
# Visual Studio 15
VisualStudioVersion = 15.0.28010.2050
MinimumVisualStudioVersion = 10.0.40219.1
Project("{FAE04EC0-301F-11D3-BF4B-00C04F79EFBC}") = "Fiap.Stack", "Fiap.Stack\Fiap.Stack.csproj", "{CA88A0B4-E2E3-446E-AAD3-5D87AC654355}"
EndProject
Project("{FAE04EC0-301F-11D3-BF4B-00C04F79EFBC}") = "Fiap.Stack.BLL", "Fiap.Stack.BLL\Fiap.Stack.BLL.csproj", "{B0F1D3C3-0B37-4706-8EE0-F8EDA0CC9497}"
EndProject
Project("{FAE04EC0-301F-11D3-BF4B-00C04F79EFBC}") = "Fiap.Stack.MOD", "Fiap.Stack.MOD\Fiap.Stack.MOD.csproj", "{10714734-97EE-4E8F-806F-53DA512F1A7F}"
EndProject
Project("{FAE04EC0-301F-11D3-BF4B-00C04F79EFBC}") = "Fiap.Stack.DAL", "Fiap.Stack.DAL\Fiap.Stack.DAL.csproj", "{3ADA5119-2C27-437B-9F48-950F98B90C22}"
EndProject
Global
	GlobalSection(SolutionConfigurationPlatforms) = preSolution
		Debug|Any CPU = Debug|Any CPU
		Release|Any CPU = Release|Any CPU
	EndGlobalSection
	GlobalSection(ProjectConfigurationPlatforms) = postSolution
		{CA88A0B4-E2E3-446E-AAD3-5D87AC654355}.Debug|Any CPU.ActiveCfg = Debug|Any CPU
		{CA88A0B4-E2E3-446E-AAD3-5D87AC654355}.Debug|Any CPU.Build.0 = Debug|Any CPU
		{CA88A0B4-E2E3-446E-AAD3-5D87AC654355}.Release|Any CPU.ActiveCfg = Release|Any CPU
		{CA88A0B4-E2E3-446E-AAD3-5D87AC654355}.Release|Any CPU.Build.0 = Release|Any CPU
		{B0F1D3C3-0B37-4706-8EE0-F8EDA0CC9497}.Debug|Any CPU.ActiveCfg = Debug|Any CPU
		{B0F1D3C3-0B37-4706-8EE0-F8EDA0CC9497}.Debug|Any CPU.Build.0 = Debug|Any CPU
		{B0F1D3C3-0B37-4706-8EE0-F8EDA0CC9497}.Release|Any CPU.ActiveCfg = Release|Any CPU
		{B0F1D3C3-0B37-4706-8EE0-F8EDA0CC9497}.Release|Any CPU.Build.0 = Release|Any CPU
		{10714734-97EE-4E8F-806F-53DA512F1A7F}.Debug|Any CPU.ActiveCfg = Debug|Any CPU
		{10714734-97EE-4E8F-806F-53DA512F1A7F}.Debug|Any CPU.Build.0 = Debug|Any CPU
		{10714734-97EE-4E8F-806F-53DA512F1A7F}.Release|Any CPU.ActiveCfg = Release|Any CPU
		{10714734-97EE-4E8F-806F-53DA512F1A7F}.Release|Any CPU.Build.0 = Release|Any CPU
		{3ADA5119-2C27-437B-9F48-950F98B90C22}.Debug|Any CPU.ActiveCfg = Debug|Any CPU
		{3ADA5119-2C27-437B-9F48-950F98B90C22}.Debug|Any CPU.Build.0 = Debug|Any CPU
		{3ADA5119-2C27-437B-9F48-950F98B90C22}.Release|Any CPU.ActiveCfg = Release|Any CPU
		{3ADA5119-2C27-437B-9F48-950F98B90C22}.Release|Any CPU.Build.0 = Release|Any CPU
	EndGlobalSection
	GlobalSection(SolutionProperties) = preSolution
		HideSolutionNode = FALSE
	EndGlobalSection
	GlobalSection(ExtensibilityGlobals) = postSolution
		SolutionGuid = {B205B06F-9C21-434A-A4A5-50D292C76D0D}
	EndGlobalSection
EndGlobal
